
Microsoft Visual Studio Solution File, Format Version 12.00
# Visual Studio 15
VisualStudioVersion = 15.0.28010.2048
MinimumVisualStudioVersion = 10.0.40219.1
Project("{FAE04EC0-301F-11D3-BF4B-00C04F79EFBC}") = "Paint", "Paint\Paint.csproj", "{16F209B9-ABA3-414A-940E-632D472D12EB}"
EndProject
Global
	GlobalSection(SolutionConfigurationPlatforms) = preSolution
		Debug|Any CPU = Debug|Any CPU
		Release|Any CPU = Release|Any CPU
	EndGlobalSection
	GlobalSection(ProjectConfigurationPlatforms) = postSolution
		{16F209B9-ABA3-414A-940E-632D472D12EB}.Debug|Any CPU.ActiveCfg = Debug|Any CPU
		{16F209B9-ABA3-414A-940E-632D472D12EB}.Debug|Any CPU.Build.0 = Debug|Any CPU
		{16F209B9-ABA3-414A-940E-632D472D12EB}.Release|Any CPU.ActiveCfg = Release|Any CPU
		{16F209B9-ABA3-414A-940E-632D472D12EB}.Release|Any CPU.Build.0 = Release|Any CPU
	EndGlobalSection
	GlobalSection(SolutionProperties) = preSolution
		HideSolutionNode = FALSE
	EndGlobalSection
	GlobalSection(ExtensibilityGlobals) = postSolution
		SolutionGuid = {0438B2FA-DAA3-41ED-AD38-93D073000F73}
	EndGlobalSection
EndGlobal
