
Microsoft Visual Studio Solution File, Format Version 12.00
# Visual Studio 15
VisualStudioVersion = 15.0.28010.2036
MinimumVisualStudioVersion = 10.0.40219.1
Project("{FAE04EC0-301F-11D3-BF4B-00C04F79EFBC}") = "PenHomework", "PenHomework\PenHomework.csproj", "{37FA156C-3265-47DB-A7D3-2FD4BAF700C0}"
EndProject
Global
	GlobalSection(SolutionConfigurationPlatforms) = preSolution
		Debug|Any CPU = Debug|Any CPU
		Release|Any CPU = Release|Any CPU
	EndGlobalSection
	GlobalSection(ProjectConfigurationPlatforms) = postSolution
		{37FA156C-3265-47DB-A7D3-2FD4BAF700C0}.Debug|Any CPU.ActiveCfg = Debug|Any CPU
		{37FA156C-3265-47DB-A7D3-2FD4BAF700C0}.Debug|Any CPU.Build.0 = Debug|Any CPU
		{37FA156C-3265-47DB-A7D3-2FD4BAF700C0}.Release|Any CPU.ActiveCfg = Release|Any CPU
		{37FA156C-3265-47DB-A7D3-2FD4BAF700C0}.Release|Any CPU.Build.0 = Release|Any CPU
	EndGlobalSection
	GlobalSection(SolutionProperties) = preSolution
		HideSolutionNode = FALSE
	EndGlobalSection
	GlobalSection(ExtensibilityGlobals) = postSolution
		SolutionGuid = {3AA5DFCA-925D-4B36-8D28-B9828B08D8A1}
	EndGlobalSection
EndGlobal
